
Microsoft Visual Studio Solution File, Format Version 12.00
# Visual Studio Version 16
VisualStudioVersion = 16.0.30503.244
MinimumVisualStudioVersion = 10.0.40219.1
Project("{9A19103F-16F7-4668-BE54-9A1E7A4F7556}") = "WebAppJenkins", "WebAppJenkins\WebAppJenkins.csproj", "{5A8264D9-87E5-4E9A-B6D1-2A1BF2C32E90}"
EndProject
Project("{9A19103F-16F7-4668-BE54-9A1E7A4F7556}") = "WebApp1", "..\..\..\..\..\..\CodeRepos\AZ400GIT\WebApp1\WebApp1\WebApp1.csproj", "{7209C661-092F-421E-A3D5-D3C44C9D775A}"
EndProject
Global
	GlobalSection(SolutionConfigurationPlatforms) = preSolution
		Debug|Any CPU = Debug|Any CPU
		Release|Any CPU = Release|Any CPU
	EndGlobalSection
	GlobalSection(ProjectConfigurationPlatforms) = postSolution
		{5A8264D9-87E5-4E9A-B6D1-2A1BF2C32E90}.Debug|Any CPU.ActiveCfg = Debug|Any CPU
		{5A8264D9-87E5-4E9A-B6D1-2A1BF2C32E90}.Debug|Any CPU.Build.0 = Debug|Any CPU
		{5A8264D9-87E5-4E9A-B6D1-2A1BF2C32E90}.Release|Any CPU.ActiveCfg = Release|Any CPU
		{5A8264D9-87E5-4E9A-B6D1-2A1BF2C32E90}.Release|Any CPU.Build.0 = Release|Any CPU
		{7209C661-092F-421E-A3D5-D3C44C9D775A}.Debug|Any CPU.ActiveCfg = Debug|Any CPU
		{7209C661-092F-421E-A3D5-D3C44C9D775A}.Debug|Any CPU.Build.0 = Debug|Any CPU
		{7209C661-092F-421E-A3D5-D3C44C9D775A}.Release|Any CPU.ActiveCfg = Release|Any CPU
		{7209C661-092F-421E-A3D5-D3C44C9D775A}.Release|Any CPU.Build.0 = Release|Any CPU
	EndGlobalSection
	GlobalSection(SolutionProperties) = preSolution
		HideSolutionNode = FALSE
	EndGlobalSection
	GlobalSection(ExtensibilityGlobals) = postSolution
		SolutionGuid = {270A8C04-8391-493C-A87F-216B275D4BA9}
	EndGlobalSection
EndGlobal
